// !$*UTF8*$!
{
	archiveVersion = 1;
	classes = {
	};
	objectVersion = 77;
	objects = {

/* Begin PBXBuildFile section */
		059A5D5E6CD42EB94D7CF8DA /* AppUpdater.swift in Sources */ = {isa = PBXBuildFile; fileRef = 365039D37C939DF6EA1C6600 /* AppUpdater.swift */; };
		0727654346EF6DA1148B2D68 /* AppStore+Skillsets.swift in Sources */ = {isa = PBXBuildFile; fileRef = 0377BD2BDE684AA347A662DD /* AppStore+Skillsets.swift */; };
		0B4298E3428DA3452C8E316E /* AppStore.swift in Sources */ = {isa = PBXBuildFile; fileRef = D8B95A883374ADCF2BB2A9A5 /* AppStore.swift */; };
		11E7DF1CFFE0D2991E331A43 /* SettingsView.swift in Sources */ = {isa = PBXBuildFile; fileRef = 13E320FCE90C51C4EA51E9B6 /* SettingsView.swift */; };
		27C9E2A4A6BC1AD429CDF52B /* SkillsetInstaller.swift in Sources */ = {isa = PBXBuildFile; fileRef = EAD0529B4BB35B1D34A4149E /* SkillsetInstaller.swift */; };
		2F6073BEADFE16809A96C720 /* FileWatcher.swift in Sources */ = {isa = PBXBuildFile; fileRef = 89D396BDA8C7A8F808C390DC /* FileWatcher.swift */; };
		3057845395C604BF88151C8A /* Components.swift in Sources */ = {isa = PBXBuildFile; fileRef = 64E4526107B440152D6AB925 /* Components.swift */; };
		31F0312A63C31BCB33D669D0 /* SkillSimilarity.swift in Sources */ = {isa = PBXBuildFile; fileRef = 1B2F1910B2F3AC4B72EA3830 /* SkillSimilarity.swift */; };
		378AA334FB694C25962B9245 /* ContentView.swift in Sources */ = {isa = PBXBuildFile; fileRef = AEA41E1474F7BE423B56D346 /* ContentView.swift */; };
		4A585E671547357F3699831A /* Models.swift in Sources */ = {isa = PBXBuildFile; fileRef = 57E1EA96200BEB72A33D6E38 /* Models.swift */; };
		5F85019D7561BB0D7566001B /* SuggestionViews.swift in Sources */ = {isa = PBXBuildFile; fileRef = 076A549C0CCE0367FE4D11D0 /* SuggestionViews.swift */; };
		62C88BC3E3B945945C3EA296 /* PromptLibrary.swift in Sources */ = {isa = PBXBuildFile; fileRef = 53B6FF6B0D5A3694C197EBC0 /* PromptLibrary.swift */; };
		681E32575030D0E0B2D761D0 /* Analyzer.swift in Sources */ = {isa = PBXBuildFile; fileRef = B18AC56992256E677133D35C /* Analyzer.swift */; };
		6A3DB35F25B28E6CC9B0D70C /* SkillSimilarity.swift in Sources */ = {isa = PBXBuildFile; fileRef = 1B2F1910B2F3AC4B72EA3830 /* SkillSimilarity.swift */; };
		6CA7602CF7C5E86F4D8442D7 /* SkillsetInstaller.swift in Sources */ = {isa = PBXBuildFile; fileRef = EAD0529B4BB35B1D34A4149E /* SkillsetInstaller.swift */; };
		7200E247BDF839C1210920BD /* SkillScanner.swift in Sources */ = {isa = PBXBuildFile; fileRef = E76FCD9E9E2549A3682D8F84 /* SkillScanner.swift */; };
		723294FB0DDBB211E9C5C3EE /* SkillInstaller.swift in Sources */ = {isa = PBXBuildFile; fileRef = CA1D7A86C6C2F6A665C94583 /* SkillInstaller.swift */; };
		7428972CE87CBDC6CA0A4568 /* SkillscoutApp.swift in Sources */ = {isa = PBXBuildFile; fileRef = CBC9224FFE73C8083ADF7A81 /* SkillscoutApp.swift */; };
		769B6AB81AA5DB52B5C8E72B /* SkillInstaller.swift in Sources */ = {isa = PBXBuildFile; fileRef = CA1D7A86C6C2F6A665C94583 /* SkillInstaller.swift */; };
		7D1ED7DC185BDC28054F80F3 /* SkillscoutCLI in Embed Dependencies */ = {isa = PBXBuildFile; fileRef = E26D1D5FD710CB617FB08F62 /* SkillscoutCLI */; settings = {ATTRIBUTES = (RemoveHeadersOnCopy, ); }; };
		84E808F8E0F83C19CC874971 /* SimilarViews.swift in Sources */ = {isa = PBXBuildFile; fileRef = 9E76D5137A9F0049E8AC4D8E /* SimilarViews.swift */; };
		84F02E4790C165F04AD7A63B /* DiscoverViews.swift in Sources */ = {isa = PBXBuildFile; fileRef = 5B2204DD544E18EC3E164284 /* DiscoverViews.swift */; };
		87C08B6B099E31DE98657B1B /* AIEngine.swift in Sources */ = {isa = PBXBuildFile; fileRef = CEF9DD364F39E0F1EC34650C /* AIEngine.swift */; };
		8849E62C41F7A32518FB6B67 /* AppIcon.icon in Resources */ = {isa = PBXBuildFile; fileRef = 50C6B03A08C5B5CE4FA655E2 /* AppIcon.icon */; };
		8DB4F2A4A84E5384AF234528 /* Commands.swift in Sources */ = {isa = PBXBuildFile; fileRef = 414FE5AD94D9FE8882D117D9 /* Commands.swift */; };
		8DF11C0CCCEF82D04196FBC0 /* Models.swift in Sources */ = {isa = PBXBuildFile; fileRef = 57E1EA96200BEB72A33D6E38 /* Models.swift */; };
		9D3695DC64486D9ED2CEC606 /* Registry.swift in Sources */ = {isa = PBXBuildFile; fileRef = 756AC6D1B9CA7B46984721E7 /* Registry.swift */; };
		A86AB87B505B940D7D4FE616 /* PromptLibrary+Tools.swift in Sources */ = {isa = PBXBuildFile; fileRef = C06BC03210D288EFFD8FC48F /* PromptLibrary+Tools.swift */; };
		A8E5EF8255CE60720E91CC0F /* SkillScanner.swift in Sources */ = {isa = PBXBuildFile; fileRef = E76FCD9E9E2549A3682D8F84 /* SkillScanner.swift */; };
		AE698F92528A6290BFBA78D7 /* Terminal.swift in Sources */ = {isa = PBXBuildFile; fileRef = A2CF8B954622C1B06777D365 /* Terminal.swift */; };
		B2BC44AB7EADA260F6CCEF2F /* Registry.swift in Sources */ = {isa = PBXBuildFile; fileRef = 756AC6D1B9CA7B46984721E7 /* Registry.swift */; };
		B4CC45E0405F0B11817E9751 /* Analyzer.swift in Sources */ = {isa = PBXBuildFile; fileRef = B18AC56992256E677133D35C /* Analyzer.swift */; };
		B5A22C0947A1D605DD5A347F /* CommandLineTool.swift in Sources */ = {isa = PBXBuildFile; fileRef = 36B6744572DF35BB435E8324 /* CommandLineTool.swift */; };
		BD66695BCC8D9CC8ED4ECECB /* SkillViews.swift in Sources */ = {isa = PBXBuildFile; fileRef = 0FAA2265543363EFFE7362C0 /* SkillViews.swift */; };
		C3040FC3DE85AD54F35F5AB5 /* main.swift in Sources */ = {isa = PBXBuildFile; fileRef = 470A830374A881BA320C6298 /* main.swift */; };
		D8C564B443D00A0E4E8EB73C /* SkillsetViews.swift in Sources */ = {isa = PBXBuildFile; fileRef = 1F37839C6B57A808494AC4C7 /* SkillsetViews.swift */; };
		DBB251FE54D449EE803CFF26 /* CustomRegistry.swift in Sources */ = {isa = PBXBuildFile; fileRef = 033B0F3CAC9D7A9BD8E4535E /* CustomRegistry.swift */; };
		DD6BE7DE0CE5849AC0A467D9 /* PromptLibrary.swift in Sources */ = {isa = PBXBuildFile; fileRef = 53B6FF6B0D5A3694C197EBC0 /* PromptLibrary.swift */; };
		DDE9E1A704C7AF903D6BA424 /* PromptLibrary+Tools.swift in Sources */ = {isa = PBXBuildFile; fileRef = C06BC03210D288EFFD8FC48F /* PromptLibrary+Tools.swift */; };
		E7CD521610EFFCD1E25B6D72 /* AIEngine.swift in Sources */ = {isa = PBXBuildFile; fileRef = CEF9DD364F39E0F1EC34650C /* AIEngine.swift */; };
		EBC9C35E6066C01AA02170F5 /* registry.json in Resources */ = {isa = PBXBuildFile; fileRef = 76CC09375ECB6FC9E16C667E /* registry.json */; };
		EE8F257BD637BB6F32AA736B /* Library.swift in Sources */ = {isa = PBXBuildFile; fileRef = C0BA987BB62340C0FAE33523 /* Library.swift */; };
/* End PBXBuildFile section */

/* Begin PBXContainerItemProxy section */
		4A941ABDA095F5D0F51444FD /* PBXContainerItemProxy */ = {
			isa = PBXContainerItemProxy;
			containerPortal = D7D85EB28B6CACEA8E72BE5B /* Project object */;
			proxyType = 1;
			remoteGlobalIDString = 5B35AD0257C62648ED7B21F5;
			remoteInfo = SkillscoutCLI;
		};
/* End PBXContainerItemProxy section */

/* Begin PBXCopyFilesBuildPhase section */
		3BC591BAC1CEF86983F3267B /* Embed Dependencies */ = {
			isa = PBXCopyFilesBuildPhase;
			buildActionMask = 2147483647;
			dstPath = Contents/Helpers;
			dstSubfolderSpec = 1;
			files = (
				7D1ED7DC185BDC28054F80F3 /* SkillscoutCLI in Embed Dependencies */,
			);
			name = "Embed Dependencies";
			runOnlyForDeploymentPostprocessing = 0;
		};
/* End PBXCopyFilesBuildPhase section */

/* Begin PBXFileReference section */
		033B0F3CAC9D7A9BD8E4535E /* CustomRegistry.swift */ = {isa = PBXFileReference; lastKnownFileType = sourcecode.swift; path = CustomRegistry.swift; sourceTree = "<group>"; };
		0377BD2BDE684AA347A662DD /* AppStore+Skillsets.swift */ = {isa = PBXFileReference; lastKnownFileType = sourcecode.swift; path = "AppStore+Skillsets.swift"; sourceTree = "<group>"; };
		076A549C0CCE0367FE4D11D0 /* SuggestionViews.swift */ = {isa = PBXFileReference; lastKnownFileType = sourcecode.swift; path = SuggestionViews.swift; sourceTree = "<group>"; };
		0FAA2265543363EFFE7362C0 /* SkillViews.swift */ = {isa = PBXFileReference; lastKnownFileType = sourcecode.swift; path = SkillViews.swift; sourceTree = "<group>"; };
		13E320FCE90C51C4EA51E9B6 /* SettingsView.swift */ = {isa = PBXFileReference; lastKnownFileType = sourcecode.swift; path = SettingsView.swift; sourceTree = "<group>"; };
		1A5CBBA64E4A150D837018A9 /* Skillscout.app */ = {isa = PBXFileReference; explicitFileType = wrapper.application; includeInIndex = 0; path = Skillscout.app; sourceTree = BUILT_PRODUCTS_DIR; };
		1B2F1910B2F3AC4B72EA3830 /* SkillSimilarity.swift */ = {isa = PBXFileReference; lastKnownFileType = sourcecode.swift; path = SkillSimilarity.swift; sourceTree = "<group>"; };
		1F37839C6B57A808494AC4C7 /* SkillsetViews.swift */ = {isa = PBXFileReference; lastKnownFileType = sourcecode.swift; path = SkillsetViews.swift; sourceTree = "<group>"; };
		365039D37C939DF6EA1C6600 /* AppUpdater.swift */ = {isa = PBXFileReference; lastKnownFileType = sourcecode.swift; path = AppUpdater.swift; sourceTree = "<group>"; };
		36B6744572DF35BB435E8324 /* CommandLineTool.swift */ = {isa = PBXFileReference; lastKnownFileType = sourcecode.swift; path = CommandLineTool.swift; sourceTree = "<group>"; };
		414FE5AD94D9FE8882D117D9 /* Commands.swift */ = {isa = PBXFileReference; lastKnownFileType = sourcecode.swift; path = Commands.swift; sourceTree = "<group>"; };
		470A830374A881BA320C6298 /* main.swift */ = {isa = PBXFileReference; lastKnownFileType = sourcecode.swift; path = main.swift; sourceTree = "<group>"; };
		50C6B03A08C5B5CE4FA655E2 /* AppIcon.icon */ = {isa = PBXFileReference; lastKnownFileType = wrapper.icon; path = AppIcon.icon; sourceTree = "<group>"; };
		53B6FF6B0D5A3694C197EBC0 /* PromptLibrary.swift */ = {isa = PBXFileReference; lastKnownFileType = sourcecode.swift; path = PromptLibrary.swift; sourceTree = "<group>"; };
		57E1EA96200BEB72A33D6E38 /* Models.swift */ = {isa = PBXFileReference; lastKnownFileType = sourcecode.swift; path = Models.swift; sourceTree = "<group>"; };
		5B2204DD544E18EC3E164284 /* DiscoverViews.swift */ = {isa = PBXFileReference; lastKnownFileType = sourcecode.swift; path = DiscoverViews.swift; sourceTree = "<group>"; };
		64E4526107B440152D6AB925 /* Components.swift */ = {isa = PBXFileReference; lastKnownFileType = sourcecode.swift; path = Components.swift; sourceTree = "<group>"; };
		756AC6D1B9CA7B46984721E7 /* Registry.swift */ = {isa = PBXFileReference; lastKnownFileType = sourcecode.swift; path = Registry.swift; sourceTree = "<group>"; };
		76CC09375ECB6FC9E16C667E /* registry.json */ = {isa = PBXFileReference; lastKnownFileType = text.json; path = registry.json; sourceTree = "<group>"; };
		89D396BDA8C7A8F808C390DC /* FileWatcher.swift */ = {isa = PBXFileReference; lastKnownFileType = sourcecode.swift; path = FileWatcher.swift; sourceTree = "<group>"; };
		9E76D5137A9F0049E8AC4D8E /* SimilarViews.swift */ = {isa = PBXFileReference; lastKnownFileType = sourcecode.swift; path = SimilarViews.swift; sourceTree = "<group>"; };
		A2CF8B954622C1B06777D365 /* Terminal.swift */ = {isa = PBXFileReference; lastKnownFileType = sourcecode.swift; path = Terminal.swift; sourceTree = "<group>"; };
		AEA41E1474F7BE423B56D346 /* ContentView.swift */ = {isa = PBXFileReference; lastKnownFileType = sourcecode.swift; path = ContentView.swift; sourceTree = "<group>"; };
		B18AC56992256E677133D35C /* Analyzer.swift */ = {isa = PBXFileReference; lastKnownFileType = sourcecode.swift; path = Analyzer.swift; sourceTree = "<group>"; };
		C06BC03210D288EFFD8FC48F /* PromptLibrary+Tools.swift */ = {isa = PBXFileReference; lastKnownFileType = sourcecode.swift; path = "PromptLibrary+Tools.swift"; sourceTree = "<group>"; };
		C0BA987BB62340C0FAE33523 /* Library.swift */ = {isa = PBXFileReference; lastKnownFileType = sourcecode.swift; path = Library.swift; sourceTree = "<group>"; };
		CA1D7A86C6C2F6A665C94583 /* SkillInstaller.swift */ = {isa = PBXFileReference; lastKnownFileType = sourcecode.swift; path = SkillInstaller.swift; sourceTree = "<group>"; };
		CBC9224FFE73C8083ADF7A81 /* SkillscoutApp.swift */ = {isa = PBXFileReference; lastKnownFileType = sourcecode.swift; path = SkillscoutApp.swift; sourceTree = "<group>"; };
		CEF9DD364F39E0F1EC34650C /* AIEngine.swift */ = {isa = PBXFileReference; lastKnownFileType = sourcecode.swift; path = AIEngine.swift; sourceTree = "<group>"; };
		D8B95A883374ADCF2BB2A9A5 /* AppStore.swift */ = {isa = PBXFileReference; lastKnownFileType = sourcecode.swift; path = AppStore.swift; sourceTree = "<group>"; };
		E26D1D5FD710CB617FB08F62 /* SkillscoutCLI */ = {isa = PBXFileReference; includeInIndex = 0; path = SkillscoutCLI; sourceTree = BUILT_PRODUCTS_DIR; };
		E76FCD9E9E2549A3682D8F84 /* SkillScanner.swift */ = {isa = PBXFileReference; lastKnownFileType = sourcecode.swift; path = SkillScanner.swift; sourceTree = "<group>"; };
		EAD0529B4BB35B1D34A4149E /* SkillsetInstaller.swift */ = {isa = PBXFileReference; lastKnownFileType = sourcecode.swift; path = SkillsetInstaller.swift; sourceTree = "<group>"; };
/* End PBXFileReference section */

/* Begin PBXGroup section */
		031D27BD9E28FC3E65C803CC /* CLI */ = {
			isa = PBXGroup;
			children = (
				414FE5AD94D9FE8882D117D9 /* Commands.swift */,
				C0BA987BB62340C0FAE33523 /* Library.swift */,
				470A830374A881BA320C6298 /* main.swift */,
				A2CF8B954622C1B06777D365 /* Terminal.swift */,
			);
			path = CLI;
			sourceTree = "<group>";
		};
		183905979DC348D94C24F946 /* Skillscout */ = {
			isa = PBXGroup;
			children = (
				CEF9DD364F39E0F1EC34650C /* AIEngine.swift */,
				B18AC56992256E677133D35C /* Analyzer.swift */,
				50C6B03A08C5B5CE4FA655E2 /* AppIcon.icon */,
				D8B95A883374ADCF2BB2A9A5 /* AppStore.swift */,
				0377BD2BDE684AA347A662DD /* AppStore+Skillsets.swift */,
				365039D37C939DF6EA1C6600 /* AppUpdater.swift */,
				36B6744572DF35BB435E8324 /* CommandLineTool.swift */,
				64E4526107B440152D6AB925 /* Components.swift */,
				AEA41E1474F7BE423B56D346 /* ContentView.swift */,
				033B0F3CAC9D7A9BD8E4535E /* CustomRegistry.swift */,
				5B2204DD544E18EC3E164284 /* DiscoverViews.swift */,
				89D396BDA8C7A8F808C390DC /* FileWatcher.swift */,
				57E1EA96200BEB72A33D6E38 /* Models.swift */,
				53B6FF6B0D5A3694C197EBC0 /* PromptLibrary.swift */,
				C06BC03210D288EFFD8FC48F /* PromptLibrary+Tools.swift */,
				756AC6D1B9CA7B46984721E7 /* Registry.swift */,
				13E320FCE90C51C4EA51E9B6 /* SettingsView.swift */,
				9E76D5137A9F0049E8AC4D8E /* SimilarViews.swift */,
				CA1D7A86C6C2F6A665C94583 /* SkillInstaller.swift */,
				E76FCD9E9E2549A3682D8F84 /* SkillScanner.swift */,
				CBC9224FFE73C8083ADF7A81 /* SkillscoutApp.swift */,
				EAD0529B4BB35B1D34A4149E /* SkillsetInstaller.swift */,
				1F37839C6B57A808494AC4C7 /* SkillsetViews.swift */,
				1B2F1910B2F3AC4B72EA3830 /* SkillSimilarity.swift */,
				0FAA2265543363EFFE7362C0 /* SkillViews.swift */,
				076A549C0CCE0367FE4D11D0 /* SuggestionViews.swift */,
			);
			path = Skillscout;
			sourceTree = "<group>";
		};
		22879075C5F81BCB00737182 = {
			isa = PBXGroup;
			children = (
				76CC09375ECB6FC9E16C667E /* registry.json */,
				031D27BD9E28FC3E65C803CC /* CLI */,
				183905979DC348D94C24F946 /* Skillscout */,
				E474085FC976DE8D4E5E7C91 /* Products */,
			);
			sourceTree = "<group>";
		};
		E474085FC976DE8D4E5E7C91 /* Products */ = {
			isa = PBXGroup;
			children = (
				1A5CBBA64E4A150D837018A9 /* Skillscout.app */,
				E26D1D5FD710CB617FB08F62 /* SkillscoutCLI */,
			);
			name = Products;
			sourceTree = "<group>";
		};
/* End PBXGroup section */

/* Begin PBXNativeTarget section */
		5B35AD0257C62648ED7B21F5 /* SkillscoutCLI */ = {
			isa = PBXNativeTarget;
			buildConfigurationList = 636A26522724719CA15278F9 /* Build configuration list for PBXNativeTarget "SkillscoutCLI" */;
			buildPhases = (
				3ACF2415E4446F8F80240257 /* Sources */,
			);
			buildRules = (
			);
			dependencies = (
			);
			name = SkillscoutCLI;
			packageProductDependencies = (
			);
			productName = SkillscoutCLI;
			productReference = E26D1D5FD710CB617FB08F62 /* SkillscoutCLI */;
			productType = "com.apple.product-type.tool";
		};
		C95DC626C7287CB49A3B4655 /* Skillscout */ = {
			isa = PBXNativeTarget;
			buildConfigurationList = 4C5710DAB94DA70BC2F05CA9 /* Build configuration list for PBXNativeTarget "Skillscout" */;
			buildPhases = (
				706DBA19C1ED9089456410CD /* Sources */,
				0CDF8D18BE63C32AAECCBB40 /* Resources */,
				3BC591BAC1CEF86983F3267B /* Embed Dependencies */,
			);
			buildRules = (
			);
			dependencies = (
				634B023289738BB211548876 /* PBXTargetDependency */,
			);
			name = Skillscout;
			packageProductDependencies = (
			);
			productName = Skillscout;
			productReference = 1A5CBBA64E4A150D837018A9 /* Skillscout.app */;
			productType = "com.apple.product-type.application";
		};
/* End PBXNativeTarget section */

/* Begin PBXProject section */
		D7D85EB28B6CACEA8E72BE5B /* Project object */ = {
			isa = PBXProject;
			attributes = {
				BuildIndependentTargetsInParallel = YES;
				LastUpgradeCheck = 1430;
				TargetAttributes = {
					5B35AD0257C62648ED7B21F5 = {
						ProvisioningStyle = Manual;
					};
					C95DC626C7287CB49A3B4655 = {
						ProvisioningStyle = Manual;
					};
				};
			};
			buildConfigurationList = D276E2E8B0A35845A6186F91 /* Build configuration list for PBXProject "Skillscout" */;
			developmentRegion = en;
			hasScannedForEncodings = 0;
			knownRegions = (
				Base,
				en,
			);
			mainGroup = 22879075C5F81BCB00737182;
			minimizedProjectReferenceProxies = 1;
			preferredProjectObjectVersion = 77;
			productRefGroup = E474085FC976DE8D4E5E7C91 /* Products */;
			projectDirPath = "";
			projectRoot = "";
			targets = (
				C95DC626C7287CB49A3B4655 /* Skillscout */,
				5B35AD0257C62648ED7B21F5 /* SkillscoutCLI */,
			);
		};
/* End PBXProject section */

/* Begin PBXResourcesBuildPhase section */
		0CDF8D18BE63C32AAECCBB40 /* Resources */ = {
			isa = PBXResourcesBuildPhase;
			buildActionMask = 2147483647;
			files = (
				8849E62C41F7A32518FB6B67 /* AppIcon.icon in Resources */,
				EBC9C35E6066C01AA02170F5 /* registry.json in Resources */,
			);
			runOnlyForDeploymentPostprocessing = 0;
		};
/* End PBXResourcesBuildPhase section */

/* Begin PBXSourcesBuildPhase section */
		3ACF2415E4446F8F80240257 /* Sources */ = {
			isa = PBXSourcesBuildPhase;
			buildActionMask = 2147483647;
			files = (
				E7CD521610EFFCD1E25B6D72 /* AIEngine.swift in Sources */,
				B4CC45E0405F0B11817E9751 /* Analyzer.swift in Sources */,
				8DB4F2A4A84E5384AF234528 /* Commands.swift in Sources */,
				EE8F257BD637BB6F32AA736B /* Library.swift in Sources */,
				8DF11C0CCCEF82D04196FBC0 /* Models.swift in Sources */,
				DDE9E1A704C7AF903D6BA424 /* PromptLibrary+Tools.swift in Sources */,
				62C88BC3E3B945945C3EA296 /* PromptLibrary.swift in Sources */,
				9D3695DC64486D9ED2CEC606 /* Registry.swift in Sources */,
				723294FB0DDBB211E9C5C3EE /* SkillInstaller.swift in Sources */,
				7200E247BDF839C1210920BD /* SkillScanner.swift in Sources */,
				6A3DB35F25B28E6CC9B0D70C /* SkillSimilarity.swift in Sources */,
				27C9E2A4A6BC1AD429CDF52B /* SkillsetInstaller.swift in Sources */,
				AE698F92528A6290BFBA78D7 /* Terminal.swift in Sources */,
				C3040FC3DE85AD54F35F5AB5 /* main.swift in Sources */,
			);
			runOnlyForDeploymentPostprocessing = 0;
		};
		706DBA19C1ED9089456410CD /* Sources */ = {
			isa = PBXSourcesBuildPhase;
			buildActionMask = 2147483647;
			files = (
				87C08B6B099E31DE98657B1B /* AIEngine.swift in Sources */,
				681E32575030D0E0B2D761D0 /* Analyzer.swift in Sources */,
				0727654346EF6DA1148B2D68 /* AppStore+Skillsets.swift in Sources */,
				0B4298E3428DA3452C8E316E /* AppStore.swift in Sources */,
				059A5D5E6CD42EB94D7CF8DA /* AppUpdater.swift in Sources */,
				B5A22C0947A1D605DD5A347F /* CommandLineTool.swift in Sources */,
				3057845395C604BF88151C8A /* Components.swift in Sources */,
				378AA334FB694C25962B9245 /* ContentView.swift in Sources */,
				DBB251FE54D449EE803CFF26 /* CustomRegistry.swift in Sources */,
				84F02E4790C165F04AD7A63B /* DiscoverViews.swift in Sources */,
				2F6073BEADFE16809A96C720 /* FileWatcher.swift in Sources */,
				4A585E671547357F3699831A /* Models.swift in Sources */,
				A86AB87B505B940D7D4FE616 /* PromptLibrary+Tools.swift in Sources */,
				DD6BE7DE0CE5849AC0A467D9 /* PromptLibrary.swift in Sources */,
				B2BC44AB7EADA260F6CCEF2F /* Registry.swift in Sources */,
				11E7DF1CFFE0D2991E331A43 /* SettingsView.swift in Sources */,
				84E808F8E0F83C19CC874971 /* SimilarViews.swift in Sources */,
				769B6AB81AA5DB52B5C8E72B /* SkillInstaller.swift in Sources */,
				A8E5EF8255CE60720E91CC0F /* SkillScanner.swift in Sources */,
				31F0312A63C31BCB33D669D0 /* SkillSimilarity.swift in Sources */,
				BD66695BCC8D9CC8ED4ECECB /* SkillViews.swift in Sources */,
				7428972CE87CBDC6CA0A4568 /* SkillscoutApp.swift in Sources */,
				6CA7602CF7C5E86F4D8442D7 /* SkillsetInstaller.swift in Sources */,
				D8C564B443D00A0E4E8EB73C /* SkillsetViews.swift in Sources */,
				5F85019D7561BB0D7566001B /* SuggestionViews.swift in Sources */,
			);
			runOnlyForDeploymentPostprocessing = 0;
		};
/* End PBXSourcesBuildPhase section */

/* Begin PBXTargetDependency section */
		634B023289738BB211548876 /* PBXTargetDependency */ = {
			isa = PBXTargetDependency;
			target = 5B35AD0257C62648ED7B21F5 /* SkillscoutCLI */;
			targetProxy = 4A941ABDA095F5D0F51444FD /* PBXContainerItemProxy */;
		};
/* End PBXTargetDependency section */

/* Begin XCBuildConfiguration section */
		13B34AFCDE29EB622E9392AC /* Debug */ = {
			isa = XCBuildConfiguration;
			buildSettings = {
				ASSETCATALOG_COMPILER_APPICON_NAME = AppIcon;
				CODE_SIGN_IDENTITY = "-";
				CODE_SIGN_STYLE = Manual;
				COMBINE_HIDPI_IMAGES = YES;
				GENERATE_INFOPLIST_FILE = YES;
				INFOPLIST_KEY_CFBundleDisplayName = "Skillscout Mod";
				INFOPLIST_KEY_LSApplicationCategoryType = "public.app-category.developer-tools";
				LD_RUNPATH_SEARCH_PATHS = (
					"$(inherited)",
					"@executable_path/../Frameworks",
				);
				PRODUCT_BUNDLE_IDENTIFIER = com.thawee.skillscout;
				PRODUCT_NAME = "Skillscout Mod";
				SDKROOT = macosx;
			};
			name = Debug;
		};
		21E277171C4DDBF81B523869 /* Release */ = {
			isa = XCBuildConfiguration;
			buildSettings = {
				CODE_SIGN_IDENTITY = "-";
				CODE_SIGN_STYLE = Manual;
				COMBINE_HIDPI_IMAGES = YES;
				CREATE_INFOPLIST_SECTION_IN_BINARY = YES;
				GENERATE_INFOPLIST_FILE = YES;
				LD_RUNPATH_SEARCH_PATHS = (
					"$(inherited)",
					"@executable_path/../Frameworks",
				);
				PRODUCT_BUNDLE_IDENTIFIER = com.thawee.skillscout.cli;
				PRODUCT_NAME = "skillscout-mod";
				SDKROOT = macosx;
				SKIP_INSTALL = YES;
			};
			name = Release;
		};
		2591E5AEED810BAE77637A6A /* Release */ = {
			isa = XCBuildConfiguration;
			buildSettings = {
				ALWAYS_SEARCH_USER_PATHS = NO;
				CLANG_ANALYZER_NONNULL = YES;
				CLANG_ANALYZER_NUMBER_OBJECT_CONVERSION = YES_AGGRESSIVE;
				CLANG_CXX_LANGUAGE_STANDARD = "gnu++14";
				CLANG_CXX_LIBRARY = "libc++";
				CLANG_ENABLE_MODULES = YES;
				CLANG_ENABLE_OBJC_ARC = YES;
				CLANG_ENABLE_OBJC_WEAK = YES;
				CLANG_WARN_BLOCK_CAPTURE_AUTORELEASING = YES;
				CLANG_WARN_BOOL_CONVERSION = YES;
				CLANG_WARN_COMMA = YES;
				CLANG_WARN_CONSTANT_CONVERSION = YES;
				CLANG_WARN_DEPRECATED_OBJC_IMPLEMENTATIONS = YES;
				CLANG_WARN_DIRECT_OBJC_ISA_USAGE = YES_ERROR;
				CLANG_WARN_DOCUMENTATION_COMMENTS = YES;
				CLANG_WARN_EMPTY_BODY = YES;
				CLANG_WARN_ENUM_CONVERSION = YES;
				CLANG_WARN_INFINITE_RECURSION = YES;
				CLANG_WARN_INT_CONVERSION = YES;
				CLANG_WARN_NON_LITERAL_NULL_CONVERSION = YES;
				CLANG_WARN_OBJC_IMPLICIT_RETAIN_SELF = YES;
				CLANG_WARN_OBJC_LITERAL_CONVERSION = YES;
				CLANG_WARN_OBJC_ROOT_CLASS = YES_ERROR;
				CLANG_WARN_QUOTED_INCLUDE_IN_FRAMEWORK_HEADER = YES;
				CLANG_WARN_RANGE_LOOP_ANALYSIS = YES;
				CLANG_WARN_STRICT_PROTOTYPES = YES;
				CLANG_WARN_SUSPICIOUS_MOVE = YES;
				CLANG_WARN_UNGUARDED_AVAILABILITY = YES_AGGRESSIVE;
				CLANG_WARN_UNREACHABLE_CODE = YES;
				CLANG_WARN__DUPLICATE_METHOD_MATCH = YES;
				COPY_PHASE_STRIP = NO;
				CURRENT_PROJECT_VERSION = 4;
				DEBUG_INFORMATION_FORMAT = "dwarf-with-dsym";
				ENABLE_NS_ASSERTIONS = NO;
				ENABLE_STRICT_OBJC_MSGSEND = YES;
				GCC_C_LANGUAGE_STANDARD = gnu11;
				GCC_NO_COMMON_BLOCKS = YES;
				GCC_WARN_64_TO_32_BIT_CONVERSION = YES;
				GCC_WARN_ABOUT_RETURN_TYPE = YES_ERROR;
				GCC_WARN_UNDECLARED_SELECTOR = YES;
				GCC_WARN_UNINITIALIZED_AUTOS = YES_AGGRESSIVE;
				GCC_WARN_UNUSED_FUNCTION = YES;
				GCC_WARN_UNUSED_VARIABLE = YES;
				MACOSX_DEPLOYMENT_TARGET = 15.0;
				MARKETING_VERSION = 1.3.0;
				MTL_ENABLE_DEBUG_INFO = NO;
				MTL_FAST_MATH = YES;
				PRODUCT_NAME = "$(TARGET_NAME)";
				SDKROOT = macosx;
				SWIFT_COMPILATION_MODE = wholemodule;
				SWIFT_OPTIMIZATION_LEVEL = "-O";
				SWIFT_VERSION = 6.0;
			};
			name = Release;
		};
		2DEFD8CEE55E2E57481A6F90 /* Release */ = {
			isa = XCBuildConfiguration;
			buildSettings = {
				ASSETCATALOG_COMPILER_APPICON_NAME = AppIcon;
				CODE_SIGN_IDENTITY = "-";
				CODE_SIGN_STYLE = Manual;
				COMBINE_HIDPI_IMAGES = YES;
				GENERATE_INFOPLIST_FILE = YES;
				INFOPLIST_KEY_CFBundleDisplayName = "Skillscout Mod";
				INFOPLIST_KEY_LSApplicationCategoryType = "public.app-category.developer-tools";
				LD_RUNPATH_SEARCH_PATHS = (
					"$(inherited)",
					"@executable_path/../Frameworks",
				);
				PRODUCT_BUNDLE_IDENTIFIER = com.thawee.skillscout;
				PRODUCT_NAME = "Skillscout Mod";
				SDKROOT = macosx;
			};
			name = Release;
		};
		AD5D060D3316A8C0DB502562 /* Debug */ = {
			isa = XCBuildConfiguration;
			buildSettings = {
				CODE_SIGN_IDENTITY = "-";
				CODE_SIGN_STYLE = Manual;
				COMBINE_HIDPI_IMAGES = YES;
				CREATE_INFOPLIST_SECTION_IN_BINARY = YES;
				GENERATE_INFOPLIST_FILE = YES;
				LD_RUNPATH_SEARCH_PATHS = (
					"$(inherited)",
					"@executable_path/../Frameworks",
				);
				PRODUCT_BUNDLE_IDENTIFIER = com.thawee.skillscout.cli;
				PRODUCT_NAME = "skillscout-mod";
				SDKROOT = macosx;
				SKIP_INSTALL = YES;
			};
			name = Debug;
		};
		EB41A0BC53C82FDCEBF59B36 /* Debug */ = {
			isa = XCBuildConfiguration;
			buildSettings = {
				ALWAYS_SEARCH_USER_PATHS = NO;
				CLANG_ANALYZER_NONNULL = YES;
				CLANG_ANALYZER_NUMBER_OBJECT_CONVERSION = YES_AGGRESSIVE;
				CLANG_CXX_LANGUAGE_STANDARD = "gnu++14";
				CLANG_CXX_LIBRARY = "libc++";
				CLANG_ENABLE_MODULES = YES;
				CLANG_ENABLE_OBJC_ARC = YES;
				CLANG_ENABLE_OBJC_WEAK = YES;
				CLANG_WARN_BLOCK_CAPTURE_AUTORELEASING = YES;
				CLANG_WARN_BOOL_CONVERSION = YES;
				CLANG_WARN_COMMA = YES;
				CLANG_WARN_CONSTANT_CONVERSION = YES;
				CLANG_WARN_DEPRECATED_OBJC_IMPLEMENTATIONS = YES;
				CLANG_WARN_DIRECT_OBJC_ISA_USAGE = YES_ERROR;
				CLANG_WARN_DOCUMENTATION_COMMENTS = YES;
				CLANG_WARN_EMPTY_BODY = YES;
				CLANG_WARN_ENUM_CONVERSION = YES;
				CLANG_WARN_INFINITE_RECURSION = YES;
				CLANG_WARN_INT_CONVERSION = YES;
				CLANG_WARN_NON_LITERAL_NULL_CONVERSION = YES;
				CLANG_WARN_OBJC_IMPLICIT_RETAIN_SELF = YES;
				CLANG_WARN_OBJC_LITERAL_CONVERSION = YES;
				CLANG_WARN_OBJC_ROOT_CLASS = YES_ERROR;
				CLANG_WARN_QUOTED_INCLUDE_IN_FRAMEWORK_HEADER = YES;
				CLANG_WARN_RANGE_LOOP_ANALYSIS = YES;
				CLANG_WARN_STRICT_PROTOTYPES = YES;
				CLANG_WARN_SUSPICIOUS_MOVE = YES;
				CLANG_WARN_UNGUARDED_AVAILABILITY = YES_AGGRESSIVE;
				CLANG_WARN_UNREACHABLE_CODE = YES;
				CLANG_WARN__DUPLICATE_METHOD_MATCH = YES;
				COPY_PHASE_STRIP = NO;
				CURRENT_PROJECT_VERSION = 4;
				DEBUG_INFORMATION_FORMAT = dwarf;
				ENABLE_STRICT_OBJC_MSGSEND = YES;
				ENABLE_TESTABILITY = YES;
				GCC_C_LANGUAGE_STANDARD = gnu11;
				GCC_DYNAMIC_NO_PIC = NO;
				GCC_NO_COMMON_BLOCKS = YES;
				GCC_OPTIMIZATION_LEVEL = 0;
				GCC_PREPROCESSOR_DEFINITIONS = (
					"$(inherited)",
					"DEBUG=1",
				);
				GCC_WARN_64_TO_32_BIT_CONVERSION = YES;
				GCC_WARN_ABOUT_RETURN_TYPE = YES_ERROR;
				GCC_WARN_UNDECLARED_SELECTOR = YES;
				GCC_WARN_UNINITIALIZED_AUTOS = YES_AGGRESSIVE;
				GCC_WARN_UNUSED_FUNCTION = YES;
				GCC_WARN_UNUSED_VARIABLE = YES;
				MACOSX_DEPLOYMENT_TARGET = 15.0;
				MARKETING_VERSION = 1.3.0;
				MTL_ENABLE_DEBUG_INFO = INCLUDE_SOURCE;
				MTL_FAST_MATH = YES;
				ONLY_ACTIVE_ARCH = YES;
				PRODUCT_NAME = "$(TARGET_NAME)";
				SDKROOT = macosx;
				SWIFT_ACTIVE_COMPILATION_CONDITIONS = DEBUG;
				SWIFT_OPTIMIZATION_LEVEL = "-Onone";
				SWIFT_VERSION = 6.0;
			};
			name = Debug;
		};
/* End XCBuildConfiguration section */

/* Begin XCConfigurationList section */
		4C5710DAB94DA70BC2F05CA9 /* Build configuration list for PBXNativeTarget "Skillscout" */ = {
			isa = XCConfigurationList;
			buildConfigurations = (
				13B34AFCDE29EB622E9392AC /* Debug */,
				2DEFD8CEE55E2E57481A6F90 /* Release */,
			);
			defaultConfigurationIsVisible = 0;
			defaultConfigurationName = Debug;
		};
		636A26522724719CA15278F9 /* Build configuration list for PBXNativeTarget "SkillscoutCLI" */ = {
			isa = XCConfigurationList;
			buildConfigurations = (
				AD5D060D3316A8C0DB502562 /* Debug */,
				21E277171C4DDBF81B523869 /* Release */,
			);
			defaultConfigurationIsVisible = 0;
			defaultConfigurationName = Debug;
		};
		D276E2E8B0A35845A6186F91 /* Build configuration list for PBXProject "Skillscout" */ = {
			isa = XCConfigurationList;
			buildConfigurations = (
				EB41A0BC53C82FDCEBF59B36 /* Debug */,
				2591E5AEED810BAE77637A6A /* Release */,
			);
			defaultConfigurationIsVisible = 0;
			defaultConfigurationName = Debug;
		};
/* End XCConfigurationList section */
	};
	rootObject = D7D85EB28B6CACEA8E72BE5B /* Project object */;
}
